
Microsoft Visual Studio Solution File, Format Version 12.00
# Visual Studio Express 2012 for Web
Project("{FAE04EC0-301F-11D3-BF4B-00C04F79EFBC}") = "WebWidgets", "WebWidgets\WebWidgets.csproj", "{FD4402A8-1571-4991-AE68-71BF9F832B2D}"
EndProject
Project("{FAE04EC0-301F-11D3-BF4B-00C04F79EFBC}") = "MvcWidget1", "MvcWidget1\MvcWidget1.csproj", "{2C67A878-DCDD-45BA-8F7E-4C6BEF826D90}"
EndProject
Project("{FAE04EC0-301F-11D3-BF4B-00C04F79EFBC}") = "MvcWidget1.Tests", "MvcWidget1.Tests\MvcWidget1.Tests.csproj", "{0E557F74-71A9-46FA-9E38-1031C72F9845}"
EndProject
Project("{FAE04EC0-301F-11D3-BF4B-00C04F79EFBC}") = "ContosoMvcApp", "ContosoMvcApp\ContosoMvcApp.csproj", "{370128D7-5DF4-46C0-9881-F12F43FBB2B2}"
EndProject
Project("{FAE04EC0-301F-11D3-BF4B-00C04F79EFBC}") = "ContosoMvcApp.Tests", "ContosoMvcApp.Tests\ContosoMvcApp.Tests.csproj", "{7CE74384-AF2F-4215-9F75-E5B54ECF76E8}"
EndProject
Global
	GlobalSection(SolutionConfigurationPlatforms) = preSolution
		Debug|Any CPU = Debug|Any CPU
		Release|Any CPU = Release|Any CPU
	EndGlobalSection
	GlobalSection(ProjectConfigurationPlatforms) = postSolution
		{FD4402A8-1571-4991-AE68-71BF9F832B2D}.Debug|Any CPU.ActiveCfg = Debug|Any CPU
		{FD4402A8-1571-4991-AE68-71BF9F832B2D}.Debug|Any CPU.Build.0 = Debug|Any CPU
		{FD4402A8-1571-4991-AE68-71BF9F832B2D}.Release|Any CPU.ActiveCfg = Release|Any CPU
		{FD4402A8-1571-4991-AE68-71BF9F832B2D}.Release|Any CPU.Build.0 = Release|Any CPU
		{2C67A878-DCDD-45BA-8F7E-4C6BEF826D90}.Debug|Any CPU.ActiveCfg = Debug|Any CPU
		{2C67A878-DCDD-45BA-8F7E-4C6BEF826D90}.Debug|Any CPU.Build.0 = Debug|Any CPU
		{2C67A878-DCDD-45BA-8F7E-4C6BEF826D90}.Release|Any CPU.ActiveCfg = Release|Any CPU
		{2C67A878-DCDD-45BA-8F7E-4C6BEF826D90}.Release|Any CPU.Build.0 = Release|Any CPU
		{0E557F74-71A9-46FA-9E38-1031C72F9845}.Debug|Any CPU.ActiveCfg = Debug|Any CPU
		{0E557F74-71A9-46FA-9E38-1031C72F9845}.Debug|Any CPU.Build.0 = Debug|Any CPU
		{0E557F74-71A9-46FA-9E38-1031C72F9845}.Release|Any CPU.ActiveCfg = Release|Any CPU
		{0E557F74-71A9-46FA-9E38-1031C72F9845}.Release|Any CPU.Build.0 = Release|Any CPU
		{370128D7-5DF4-46C0-9881-F12F43FBB2B2}.Debug|Any CPU.ActiveCfg = Debug|Any CPU
		{370128D7-5DF4-46C0-9881-F12F43FBB2B2}.Debug|Any CPU.Build.0 = Debug|Any CPU
		{370128D7-5DF4-46C0-9881-F12F43FBB2B2}.Release|Any CPU.ActiveCfg = Release|Any CPU
		{370128D7-5DF4-46C0-9881-F12F43FBB2B2}.Release|Any CPU.Build.0 = Release|Any CPU
		{7CE74384-AF2F-4215-9F75-E5B54ECF76E8}.Debug|Any CPU.ActiveCfg = Debug|Any CPU
		{7CE74384-AF2F-4215-9F75-E5B54ECF76E8}.Debug|Any CPU.Build.0 = Debug|Any CPU
		{7CE74384-AF2F-4215-9F75-E5B54ECF76E8}.Release|Any CPU.ActiveCfg = Release|Any CPU
		{7CE74384-AF2F-4215-9F75-E5B54ECF76E8}.Release|Any CPU.Build.0 = Release|Any CPU
	EndGlobalSection
	GlobalSection(SolutionProperties) = preSolution
		HideSolutionNode = FALSE
	EndGlobalSection
EndGlobal
